
Microsoft Visual Studio Solution File, Format Version 12.00
# Visual Studio Version 16
VisualStudioVersion = 16.0.31624.102
MinimumVisualStudioVersion = 10.0.40219.1
Project("{FAE04EC0-301F-11D3-BF4B-00C04F79EFBC}") = "MyMapNode", "HashMap\MyMapNode.csproj", "{DCA6AD78-387A-40C6-8CCD-20F8D8479E14}"
EndProject
Global
	GlobalSection(SolutionConfigurationPlatforms) = preSolution
		Debug|Any CPU = Debug|Any CPU
		Release|Any CPU = Release|Any CPU
	EndGlobalSection
	GlobalSection(ProjectConfigurationPlatforms) = postSolution
		{DCA6AD78-387A-40C6-8CCD-20F8D8479E14}.Debug|Any CPU.ActiveCfg = Debug|Any CPU
		{DCA6AD78-387A-40C6-8CCD-20F8D8479E14}.Debug|Any CPU.Build.0 = Debug|Any CPU
		{DCA6AD78-387A-40C6-8CCD-20F8D8479E14}.Release|Any CPU.ActiveCfg = Release|Any CPU
		{DCA6AD78-387A-40C6-8CCD-20F8D8479E14}.Release|Any CPU.Build.0 = Release|Any CPU
	EndGlobalSection
	GlobalSection(SolutionProperties) = preSolution
		HideSolutionNode = FALSE
	EndGlobalSection
	GlobalSection(ExtensibilityGlobals) = postSolution
		SolutionGuid = {189A41F5-4A1B-4B4C-850C-C34ECDD90DE2}
	EndGlobalSection
EndGlobal
